
Microsoft Visual Studio Solution File, Format Version 12.00
# Visual Studio Version 17
VisualStudioVersion = 17.9.34728.123
MinimumVisualStudioVersion = 10.0.40219.1
Project("{FAE04EC0-301F-11D3-BF4B-00C04F79EFBC}") = "_220501001_HaticeReyhanCaliskan_220501009_BetulCanol", "_220501001_HaticeReyhanCaliskan_220501009_BetulCanol.csproj", "{C9D58AFE-888E-494B-B788-7EFF7B9C104A}"
EndProject
Global
	GlobalSection(SolutionConfigurationPlatforms) = preSolution
		Debug|Any CPU = Debug|Any CPU
		Release|Any CPU = Release|Any CPU
	EndGlobalSection
	GlobalSection(ProjectConfigurationPlatforms) = postSolution
		{C9D58AFE-888E-494B-B788-7EFF7B9C104A}.Debug|Any CPU.ActiveCfg = Debug|Any CPU
		{C9D58AFE-888E-494B-B788-7EFF7B9C104A}.Debug|Any CPU.Build.0 = Debug|Any CPU
		{C9D58AFE-888E-494B-B788-7EFF7B9C104A}.Release|Any CPU.ActiveCfg = Release|Any CPU
		{C9D58AFE-888E-494B-B788-7EFF7B9C104A}.Release|Any CPU.Build.0 = Release|Any CPU
	EndGlobalSection
	GlobalSection(SolutionProperties) = preSolution
		HideSolutionNode = FALSE
	EndGlobalSection
	GlobalSection(ExtensibilityGlobals) = postSolution
		SolutionGuid = {D7358340-C985-4DF6-958E-2B2CA5CE40A3}
	EndGlobalSection
EndGlobal
